
Microsoft Visual Studio Solution File, Format Version 12.00
# Visual Studio Version 17
VisualStudioVersion = 17.14.36603.0 d17.14
MinimumVisualStudioVersion = 10.0.40219.1
Project("{FAE04EC0-301F-11D3-BF4B-00C04F79EFBC}") = "ConsoleApp2", "ConsoleApp2\ConsoleApp2.csproj", "{DDD4D02F-0A86-4B4E-B242-E446F13FECFA}"
EndProject
Global
	GlobalSection(SolutionConfigurationPlatforms) = preSolution
		Debug|Any CPU = Debug|Any CPU
		Release|Any CPU = Release|Any CPU
	EndGlobalSection
	GlobalSection(ProjectConfigurationPlatforms) = postSolution
		{DDD4D02F-0A86-4B4E-B242-E446F13FECFA}.Debug|Any CPU.ActiveCfg = Debug|Any CPU
		{DDD4D02F-0A86-4B4E-B242-E446F13FECFA}.Debug|Any CPU.Build.0 = Debug|Any CPU
		{DDD4D02F-0A86-4B4E-B242-E446F13FECFA}.Release|Any CPU.ActiveCfg = Release|Any CPU
		{DDD4D02F-0A86-4B4E-B242-E446F13FECFA}.Release|Any CPU.Build.0 = Release|Any CPU
	EndGlobalSection
	GlobalSection(SolutionProperties) = preSolution
		HideSolutionNode = FALSE
	EndGlobalSection
	GlobalSection(ExtensibilityGlobals) = postSolution
		SolutionGuid = {3AC297B9-11D9-4FCB-A6C6-782B0B63033C}
	EndGlobalSection
EndGlobal
